# This file is autogenerated, do not edit; changes may be undone by the next 'dep ensure'.


[[projects]]
  digest = "1:c1cbd99550770ae3974754cecf4b62be387fea7695e8828de12be94bf6f257b0"
  name = "cloud.google.com/go"
  packages = [
    "compute/metadata",
    "firestore",
    "firestore/apiv1beta1",
    "iam",
    "internal",
    "internal/atomiccache",
    "internal/btree",
    "internal/fields",
    "internal/optional",
    "internal/trace",
    "internal/version",
    "storage",
  ]
  pruneopts = "UT"
  revision = "97efc2c9ffd9fe8ef47f7f3203dc60bbca547374"
  version = "v0.28.0"

[[projects]]
  digest = "1:883f94ba0f0ab4ebf643a538842b9d444d5c6a52adabaceec9ed5828682eb377"
  name = "firebase.google.com/go"
  packages = [
    ".",
    "auth",
    "db",
    "iid",
    "internal",
    "messaging",
    "storage",
  ]
  pruneopts = "UT"
  revision = "a291d339beb944a2f216732bb910e800291bc371"
  version = "v3.4.0"

[[projects]]
  digest = "1:72856926f8208767b837bf51e3373f49139f61889b67dc7fd3c2a0fd711e3f7a"
  name = "github.com/golang/protobuf"
  packages = [
    "proto",
    "protoc-gen-go/descriptor",
    "ptypes",
    "ptypes/any",
    "ptypes/duration",
    "ptypes/empty",
    "ptypes/struct",
    "ptypes/timestamp",
    "ptypes/wrappers",
  ]
  pruneopts = "UT"
  revision = "aa810b61a9c79d51363740d207bb46cf8e620ed5"
  version = "v1.2.0"

[[projects]]
  digest = "1:e145e9710a10bc114a6d3e2738aadf8de146adaa031854ffdf7bbfe15da85e63"
  name = "github.com/googleapis/gax-go"
  packages = ["."]
  pruneopts = "UT"
  revision = "317e0006254c44a0ac427cc52a0e083ff0b9622f"
  version = "v2.0.0"

[[projects]]
  digest = "1:6a539f22990dee302ae4ce63f29eae68061a546c4f30d75b2c4e7266c5619ce3"
  name = "github.com/inconshreveable/log15"
  packages = ["term"]
  pruneopts = "UT"
  revision = "67afb5ed74ec82fd7ac8f49d27c509ac6f991970"
  version = "v2.14"

[[projects]]
  digest = "1:8ef506fc2bb9ced9b151dafa592d4046063d744c646c1bbe801982ce87e4bc24"
  name = "github.com/lib/pq"
  packages = [
    ".",
    "oid",
  ]
  pruneopts = "UT"
  revision = "4ded0e9383f75c197b3a2aaa6d590ac52df6fd79"
  version = "v1.0.0"

[[projects]]
  digest = "1:c658e84ad3916da105a761660dcaeb01e63416c8ec7bc62256a9b411a05fcd67"
  name = "github.com/mattn/go-colorable"
  packages = ["."]
  pruneopts = "UT"
  revision = "167de6bfdfba052fa6b2d3664c8f5272e23c9072"
  version = "v0.0.9"

[[projects]]
  digest = "1:0981502f9816113c9c8c4ac301583841855c8cf4da8c72f696b3ebedf6d0e4e5"
  name = "github.com/mattn/go-isatty"
  packages = ["."]
  pruneopts = "UT"
  revision = "6ca4dbf54d38eea1a992b3c722a76a5d1c4cb25c"
  version = "v0.0.4"

[[projects]]
  digest = "1:4cf28ed1408f1412f4bf6841dbb2923e0e97c1d060499ae4e7fbfdd6d95052f8"
  name = "github.com/revel/config"
  packages = ["."]
  pruneopts = "UT"
  revision = "662332b741dd464a886ab0901379c02b9bc5dc30"
  version = "v0.20.0"

[[projects]]
  digest = "1:ad5e66a907bb1fbbca353c08c40a099e96daacc5761f7dc1e3293ab64b2f3d2e"
  name = "github.com/revel/log15"
  packages = ["."]
  pruneopts = "UT"
  revision = "793412a67da6f8d15fede4c38f5c66272478cb8a"
  version = "v2.11.20"

[[projects]]
  digest = "1:a0dfd75e72729ee0c32ac924f4eca3939647e10ce46fad7b11d9ea81088aeeca"
  name = "github.com/revel/modules"
  packages = [
    "static/app/controllers",
    "static/app/model",
    "testrunner/app",
    "testrunner/app/controllers",
  ]
  pruneopts = "UT"
  revision = "5b32282b7105399923bc37f2319dd003f526b4f1"
  version = "v0.20.0"

[[projects]]
  branch = "master"
  digest = "1:a0812e773563f2e41afebf582088a86b0f01eb5bd794c19ecc1bce25820b1fa2"
  name = "github.com/revel/pathtree"
  packages = ["."]
  pruneopts = "UT"
  revision = "41257a1839e945fce74afd070e02bab2ea2c776a"

[[projects]]
  digest = "1:bb9dd47ed3ff114d3dd5341629c55b66fb93479ed30ed2569a16c0c3c34ccdd9"
  name = "github.com/revel/revel"
  packages = [
    ".",
    "logger",
    "testing",
  ]
  pruneopts = "UT"
  revision = "fd65ef0defe5fa045524fd3319515793162a3628"
  version = "v0.20.0"

[[projects]]
  digest = "1:aafbac4d92cf743e01242738f6aa09cb7aa5259d7e1221cc2c146eb99854cc8e"
  name = "github.com/xeonx/timeago"
  packages = ["."]
  pruneopts = "UT"
  revision = "714e6695c468c22fb6431a914d8c5f9d19fa2367"
  version = "v1.0.0-rc3"

[[projects]]
  digest = "1:381ccafa5e013a0e3f9b54604ae522a73b9533a375a6a714b483c634d5e927ab"
  name = "go.opencensus.io"
  packages = [
    ".",
    "exemplar",
    "internal",
    "internal/tagencoding",
    "plugin/ocgrpc",
    "plugin/ochttp",
    "plugin/ochttp/propagation/b3",
    "stats",
    "stats/internal",
    "stats/view",
    "tag",
    "trace",
    "trace/internal",
    "trace/propagation",
    "trace/tracestate",
  ]
  pruneopts = "UT"
  revision = "b7bf3cdb64150a8c8c53b769fdeb2ba581bd4d4b"
  version = "v0.18.0"

[[projects]]
  branch = "master"
  digest = "1:04a44056ad531d40309cb5d5c959f6fe5be3288bb1a7def6daf44242a59056f2"
  name = "golang.org/x/net"
  packages = [
    "context",
    "context/ctxhttp",
    "http/httpguts",
    "http2",
    "http2/hpack",
    "idna",
    "internal/timeseries",
    "trace",
    "websocket",
  ]
  pruneopts = "UT"
  revision = "4dfa2610cdf3b287375bbba5b8f2a14d3b01d8de"

[[projects]]
  branch = "master"
  digest = "1:f645667d687fc8bf228865a2c5455824ef05bad08841e673673ef2bb89ac5b90"
  name = "golang.org/x/oauth2"
  packages = [
    ".",
    "google",
    "internal",
    "jws",
    "jwt",
  ]
  pruneopts = "UT"
  revision = "d2e6202438beef2727060aa7cabdd924d92ebfd9"

[[projects]]
  branch = "master"
  digest = "1:ff116c3de0188ee4c62107711d44cc5ec52b16d8a55274d480f5be34270acb4d"
  name = "golang.org/x/sys"
  packages = ["unix"]
  pruneopts = "UT"
  revision = "dad3d9fb7b6e83d0f9ac8f54670f6334c3a287b4"

[[projects]]
  digest = "1:a2ab62866c75542dd18d2b069fec854577a20211d7c0ea6ae746072a1dccdd18"
  name = "golang.org/x/text"
  packages = [
    "collate",
    "collate/build",
    "internal/colltab",
    "internal/gen",
    "internal/tag",
    "internal/triegen",
    "internal/ucd",
    "language",
    "secure/bidirule",
    "transform",
    "unicode/bidi",
    "unicode/cldr",
    "unicode/norm",
    "unicode/rangetable",
  ]
  pruneopts = "UT"
  revision = "f21a4dfb5e38f5895301dc265a8def02365cc3d0"
  version = "v0.3.0"

[[projects]]
  branch = "master"
  digest = "1:76a997024d89bce060d8d185f44300e5920e72ff1b616dc5c8f120fb999d6029"
  name = "google.golang.org/api"
  packages = [
    "gensupport",
    "googleapi",
    "googleapi/internal/uritemplates",
    "googleapi/transport",
    "identitytoolkit/v3",
    "internal",
    "iterator",
    "option",
    "storage/v1",
    "transport",
    "transport/grpc",
    "transport/http",
    "transport/http/internal/propagation",
  ]
  pruneopts = "UT"
  revision = "cfbc873f6b93790282bed8e31e7f7df417caee1b"

[[projects]]
  digest = "1:650bc4e9ea9194737cea5950a0a1593cfa723ae29c0d0f4ef8f173cb2a4de35a"
  name = "google.golang.org/appengine"
  packages = [
    ".",
    "internal",
    "internal/app_identity",
    "internal/base",
    "internal/datastore",
    "internal/log",
    "internal/modules",
    "internal/remote_api",
    "internal/socket",
    "internal/urlfetch",
    "socket",
    "urlfetch",
  ]
  pruneopts = "UT"
  revision = "ae0ab99deb4dc413a2b4bd6c8bdd0eb67f1e4d06"
  version = "v1.2.0"

[[projects]]
  branch = "master"
  digest = "1:f58fb591815abd965cc69967e0eb519dd2823bcd9867fab33b20b100f5c958be"
  name = "google.golang.org/genproto"
  packages = [
    "googleapis/api/annotations",
    "googleapis/firestore/v1beta1",
    "googleapis/iam/v1",
    "googleapis/rpc/code",
    "googleapis/rpc/status",
    "googleapis/type/latlng",
  ]
  pruneopts = "UT"
  revision = "b5d43981345bdb2c233eb4bf3277847b48c6fdc6"

[[projects]]
  digest = "1:1ac2802a1ffa70fe39243e22aab53dd3386396fc98de2417ff744d87b079e78c"
  name = "google.golang.org/grpc"
  packages = [
    ".",
    "balancer",
    "balancer/base",
    "balancer/roundrobin",
    "codes",
    "connectivity",
    "credentials",
    "credentials/oauth",
    "encoding",
    "encoding/proto",
    "grpclog",
    "internal",
    "internal/backoff",
    "internal/channelz",
    "internal/envconfig",
    "internal/grpcrand",
    "internal/transport",
    "keepalive",
    "metadata",
    "naming",
    "peer",
    "resolver",
    "resolver/dns",
    "resolver/passthrough",
    "stats",
    "status",
    "tap",
  ]
  pruneopts = "UT"
  revision = "2e463a05d100327ca47ac218281906921038fd95"
  version = "v1.16.0"

[[projects]]
  branch = "v1"
  digest = "1:3443b1423511a78a2108f907e8ab347e3e16db19b2ab6d3219d75d88839757c1"
  name = "gopkg.in/bsm/ratelimit.v1"
  packages = ["."]
  pruneopts = "UT"
  revision = "db14e161995a5177acef654cb0dd785e8ee8bc22"

[[projects]]
  digest = "1:abeb38ade3f32a92943e5be54f55ed6d6e3b6602761d74b4aab4c9dd45c18abd"
  name = "gopkg.in/fsnotify/fsnotify.v1"
  packages = ["."]
  pruneopts = "UT"
  revision = "c2828203cd70a50dcccfb2761f8b1f8ceef9a8e9"
  version = "v1.4.7"

[[projects]]
  digest = "1:c805e517269b0ba4c21ded5836019ed7d16953d4026cb7d00041d039c7906be9"
  name = "gopkg.in/natefinch/lumberjack.v2"
  packages = ["."]
  pruneopts = "UT"
  revision = "a96e63847dc3c67d17befa69c303767e2f84e54f"
  version = "v2.1"

[[projects]]
  digest = "1:cac778da79c136e5de51b654d377cdaab15be93cfd1f98fab4866dbb7441d445"
  name = "gopkg.in/redis.v3"
  packages = [
    ".",
    "internal",
    "internal/consistenthash",
    "internal/hashtag",
    "internal/pool",
  ]
  pruneopts = "UT"
  revision = "b5e368500d0a508ef8f16e9c2d4025a8a46bcc29"
  version = "v3.6.4"

[[projects]]
  branch = "v0"
  digest = "1:00d2943cfcfbb3dc043f6d8586d0db5a9e8507c36429babe8d5d1af8ee43a753"
  name = "gopkg.in/stack.v0"
  packages = ["."]
  pruneopts = "UT"
  revision = "9b43fcefddd0178abdabf4d484ab0d695d0011db"

[solve-meta]
  analyzer-name = "dep"
  analyzer-version = 1
  input-imports = [
    "firebase.google.com/go",
    "firebase.google.com/go/messaging",
    "github.com/lib/pq",
    "github.com/revel/modules/static/app/controllers",
    "github.com/revel/modules/testrunner/app",
    "github.com/revel/modules/testrunner/app/controllers",
    "github.com/revel/revel",
    "github.com/revel/revel/testing",
    "golang.org/x/net/context",
    "golang.org/x/oauth2",
    "golang.org/x/oauth2/google",
    "google.golang.org/api/option",
    "gopkg.in/redis.v3",
  ]
  solver-name = "gps-cdcl"
  solver-version = 1
