hash: 3441bf6ff6d443d7e65fcdfc4f1d1b67e506cee012ed3b4901bbe2aab9890aa9
updated: 2018-11-10T18:11:17.703869942-05:00
imports:
- name: cloud.google.com/go
  version: 193e596dec49639d9e0426074676ab1e59201b3d
  subpackages:
  - compute/metadata
  - firestore
  - firestore/apiv1beta1
  - iam
  - internal
  - internal/btree
  - internal/fields
  - internal/optional
  - internal/trace
  - internal/version
  - storage
- name: firebase.google.com/go
  version: a291d339beb944a2f216732bb910e800291bc371
  subpackages:
  - auth
  - db
  - iid
  - internal
  - messaging
  - storage
- name: github.com/golang/protobuf
  version: 951a149f90371fb8858c6c979d03bb2583611052
  subpackages:
  - proto
  - protoc-gen-go/descriptor
  - ptypes
  - ptypes/any
  - ptypes/duration
  - ptypes/empty
  - ptypes/struct
  - ptypes/timestamp
  - ptypes/wrappers
- name: github.com/googleapis/gax-go
  version: 8db5159865b7903a83c69736f0602bd361cb7f11
- name: github.com/inconshreveable/log15
  version: 67afb5ed74ec82fd7ac8f49d27c509ac6f991970
  subpackages:
  - term
- name: github.com/lib/pq
  version: 9eb73efc1fcc404148b56765b0d3f61d9a5ef8ee
  subpackages:
  - oid
- name: github.com/mattn/go-colorable
  version: efa589957cd060542a26d2dd7832fd6a6c6c3ade
- name: github.com/mattn/go-isatty
  version: 3fb116b820352b7f0c281308a4d6250c22d94e27
- name: github.com/revel/config
  version: a81c4105c36841d27e529f875b6062da7b8f986c
- name: github.com/revel/log15
  version: 793412a67da6f8d15fede4c38f5c66272478cb8a
- name: github.com/revel/modules
  version: a50f5f138880b68aef235a7c1f3f09ba56b71d45
  subpackages:
  - static/app/controllers
  - static/app/model
  - testrunner/app
  - testrunner/app/controllers
- name: github.com/revel/pathtree
  version: 41257a1839e945fce74afd070e02bab2ea2c776a
- name: github.com/revel/revel
  version: a3d7a7c23ca885cc5036d3641ede49ce4a14ee2e
  subpackages:
  - logger
  - model
  - session
  - testing
  - utils
- name: github.com/skylerjaneclark/buddy-api
  version: 02143c7f3fd1478f30e4f5064da7e34a8f0fb417
  subpackages:
  - app
  - app/api
  - app/controllers
  - app/models
  - tests
- name: github.com/twinj/uuid
  version: 7bbe408d339787c56ec15568c947c0959db1b275
- name: github.com/xeonx/timeago
  version: 714e6695c468c22fb6431a914d8c5f9d19fa2367
- name: go.opencensus.io
  version: 94fd1d08391b28f9c9f721b2a67fcf57bfd0a70e
  subpackages:
  - exemplar
  - internal
  - internal/tagencoding
  - plugin/ocgrpc
  - plugin/ochttp
  - plugin/ochttp/propagation/b3
  - stats
  - stats/internal
  - stats/view
  - tag
  - trace
  - trace/internal
  - trace/propagation
  - trace/tracestate
- name: golang.org/x/net
  version: 03003ca0c849e57b6ea29a4bab8d3cb6e4d568fe
  subpackages:
  - context
  - context/ctxhttp
  - http/httpguts
  - http2
  - http2/hpack
  - idna
  - internal/timeseries
  - trace
  - websocket
- name: golang.org/x/oauth2
  version: f42d05182288abf10faef86d16c0d07b8d40ea2d
  subpackages:
  - google
  - internal
  - jws
  - jwt
- name: golang.org/x/sys
  version: 66b7b1311ac80bbafcd2daeef9a5e6e2cd1e2399
  subpackages:
  - unix
- name: golang.org/x/text
  version: 6f44c5a2ea40ee3593d98cdcc905cc1fdaa660e2
  subpackages:
  - secure/bidirule
  - transform
  - unicode/bidi
  - unicode/norm
- name: google.golang.org/api
  version: cfbc873f6b93790282bed8e31e7f7df417caee1b
  subpackages:
  - gensupport
  - googleapi
  - googleapi/internal/uritemplates
  - googleapi/transport
  - identitytoolkit/v3
  - internal
  - iterator
  - option
  - storage/v1
  - transport
  - transport/grpc
  - transport/http
  - transport/http/internal/propagation
- name: google.golang.org/appengine
  version: 4a4468ece617fc8205e99368fa2200e9d1fad421
  subpackages:
  - internal
  - internal/app_identity
  - internal/base
  - internal/datastore
  - internal/log
  - internal/modules
  - internal/remote_api
  - internal/socket
  - internal/urlfetch
  - socket
  - urlfetch
- name: google.golang.org/genproto
  version: b5d43981345bdb2c233eb4bf3277847b48c6fdc6
  subpackages:
  - googleapis/api/annotations
  - googleapis/firestore/v1beta1
  - googleapis/iam/v1
  - googleapis/rpc/code
  - googleapis/rpc/status
  - googleapis/type/latlng
- name: google.golang.org/grpc
  version: eb55fa50e6c987e6b847fc13381d10f8bf9ab5db
  subpackages:
  - balancer
  - balancer/base
  - balancer/roundrobin
  - binarylog/grpc_binarylog_v1
  - codes
  - connectivity
  - credentials
  - credentials/oauth
  - encoding
  - encoding/proto
  - grpclog
  - internal
  - internal/backoff
  - internal/binarylog
  - internal/channelz
  - internal/envconfig
  - internal/grpcrand
  - internal/grpcsync
  - internal/syscall
  - internal/transport
  - keepalive
  - metadata
  - naming
  - peer
  - resolver
  - resolver/dns
  - resolver/passthrough
  - stats
  - status
  - tap
- name: gopkg.in/bsm/ratelimit.v1
  version: db14e161995a5177acef654cb0dd785e8ee8bc22
- name: gopkg.in/fsnotify/fsnotify.v1
  version: c2828203cd70a50dcccfb2761f8b1f8ceef9a8e9
- name: gopkg.in/natefinch/lumberjack.v2
  version: a96e63847dc3c67d17befa69c303767e2f84e54f
- name: gopkg.in/redis.v3
  version: b5e368500d0a508ef8f16e9c2d4025a8a46bcc29
  subpackages:
  - internal
  - internal/consistenthash
  - internal/hashtag
  - internal/pool
- name: gopkg.in/stack.v0
  version: 9b43fcefddd0178abdabf4d484ab0d695d0011db
testImports: []
